
Microsoft Visual Studio Solution File, Format Version 12.00
# Visual Studio Version 17
VisualStudioVersion = 17.6.33723.286
MinimumVisualStudioVersion = 10.0.40219.1
Project("{FAE04EC0-301F-11D3-BF4B-00C04F79EFBC}") = "Lab12.Android", "Lab12\Lab12.Android\Lab12.Android.csproj", "{E2F7304E-470B-4D9C-84BE-30409FB80D83}"
EndProject
Project("{FAE04EC0-301F-11D3-BF4B-00C04F79EFBC}") = "Lab12.iOS", "Lab12\Lab12.iOS\Lab12.iOS.csproj", "{578C7EB8-948C-4CD4-B670-BF3C2C5E887A}"
EndProject
Project("{FAE04EC0-301F-11D3-BF4B-00C04F79EFBC}") = "Lab12", "Lab12\Lab12\Lab12.csproj", "{90E912E0-FCDA-43DC-8452-7FF3FEC12ACE}"
EndProject
Global
	GlobalSection(SolutionConfigurationPlatforms) = preSolution
		Debug|Any CPU = Debug|Any CPU
		Debug|iPhone = Debug|iPhone
		Debug|iPhoneSimulator = Debug|iPhoneSimulator
		Release|Any CPU = Release|Any CPU
		Release|iPhone = Release|iPhone
		Release|iPhoneSimulator = Release|iPhoneSimulator
	EndGlobalSection
	GlobalSection(ProjectConfigurationPlatforms) = postSolution
		{E2F7304E-470B-4D9C-84BE-30409FB80D83}.Debug|Any CPU.ActiveCfg = Debug|Any CPU
		{E2F7304E-470B-4D9C-84BE-30409FB80D83}.Debug|Any CPU.Build.0 = Debug|Any CPU
		{E2F7304E-470B-4D9C-84BE-30409FB80D83}.Debug|Any CPU.Deploy.0 = Debug|Any CPU
		{E2F7304E-470B-4D9C-84BE-30409FB80D83}.Debug|iPhone.ActiveCfg = Debug|Any CPU
		{E2F7304E-470B-4D9C-84BE-30409FB80D83}.Debug|iPhone.Build.0 = Debug|Any CPU
		{E2F7304E-470B-4D9C-84BE-30409FB80D83}.Debug|iPhone.Deploy.0 = Debug|Any CPU
		{E2F7304E-470B-4D9C-84BE-30409FB80D83}.Debug|iPhoneSimulator.ActiveCfg = Debug|Any CPU
		{E2F7304E-470B-4D9C-84BE-30409FB80D83}.Debug|iPhoneSimulator.Build.0 = Debug|Any CPU
		{E2F7304E-470B-4D9C-84BE-30409FB80D83}.Debug|iPhoneSimulator.Deploy.0 = Debug|Any CPU
		{E2F7304E-470B-4D9C-84BE-30409FB80D83}.Release|Any CPU.ActiveCfg = Release|Any CPU
		{E2F7304E-470B-4D9C-84BE-30409FB80D83}.Release|Any CPU.Build.0 = Release|Any CPU
		{E2F7304E-470B-4D9C-84BE-30409FB80D83}.Release|Any CPU.Deploy.0 = Release|Any CPU
		{E2F7304E-470B-4D9C-84BE-30409FB80D83}.Release|iPhone.ActiveCfg = Release|Any CPU
		{E2F7304E-470B-4D9C-84BE-30409FB80D83}.Release|iPhone.Build.0 = Release|Any CPU
		{E2F7304E-470B-4D9C-84BE-30409FB80D83}.Release|iPhone.Deploy.0 = Release|Any CPU
		{E2F7304E-470B-4D9C-84BE-30409FB80D83}.Release|iPhoneSimulator.ActiveCfg = Release|Any CPU
		{E2F7304E-470B-4D9C-84BE-30409FB80D83}.Release|iPhoneSimulator.Build.0 = Release|Any CPU
		{E2F7304E-470B-4D9C-84BE-30409FB80D83}.Release|iPhoneSimulator.Deploy.0 = Release|Any CPU
		{578C7EB8-948C-4CD4-B670-BF3C2C5E887A}.Debug|Any CPU.ActiveCfg = Debug|iPhone
		{578C7EB8-948C-4CD4-B670-BF3C2C5E887A}.Debug|Any CPU.Build.0 = Debug|iPhone
		{578C7EB8-948C-4CD4-B670-BF3C2C5E887A}.Debug|Any CPU.Deploy.0 = Debug|iPhone
		{578C7EB8-948C-4CD4-B670-BF3C2C5E887A}.Debug|iPhone.ActiveCfg = Debug|iPhone
		{578C7EB8-948C-4CD4-B670-BF3C2C5E887A}.Debug|iPhone.Build.0 = Debug|iPhone
		{578C7EB8-948C-4CD4-B670-BF3C2C5E887A}.Debug|iPhone.Deploy.0 = Debug|iPhone
		{578C7EB8-948C-4CD4-B670-BF3C2C5E887A}.Debug|iPhoneSimulator.ActiveCfg = Debug|iPhoneSimulator
		{578C7EB8-948C-4CD4-B670-BF3C2C5E887A}.Debug|iPhoneSimulator.Build.0 = Debug|iPhoneSimulator
		{578C7EB8-948C-4CD4-B670-BF3C2C5E887A}.Debug|iPhoneSimulator.Deploy.0 = Debug|iPhoneSimulator
		{578C7EB8-948C-4CD4-B670-BF3C2C5E887A}.Release|Any CPU.ActiveCfg = Release|iPhoneSimulator
		{578C7EB8-948C-4CD4-B670-BF3C2C5E887A}.Release|Any CPU.Build.0 = Release|iPhoneSimulator
		{578C7EB8-948C-4CD4-B670-BF3C2C5E887A}.Release|Any CPU.Deploy.0 = Release|iPhoneSimulator
		{578C7EB8-948C-4CD4-B670-BF3C2C5E887A}.Release|iPhone.ActiveCfg = Release|iPhone
		{578C7EB8-948C-4CD4-B670-BF3C2C5E887A}.Release|iPhone.Build.0 = Release|iPhone
		{578C7EB8-948C-4CD4-B670-BF3C2C5E887A}.Release|iPhone.Deploy.0 = Release|iPhone
		{578C7EB8-948C-4CD4-B670-BF3C2C5E887A}.Release|iPhoneSimulator.ActiveCfg = Release|iPhoneSimulator
		{578C7EB8-948C-4CD4-B670-BF3C2C5E887A}.Release|iPhoneSimulator.Build.0 = Release|iPhoneSimulator
		{578C7EB8-948C-4CD4-B670-BF3C2C5E887A}.Release|iPhoneSimulator.Deploy.0 = Release|iPhoneSimulator
		{90E912E0-FCDA-43DC-8452-7FF3FEC12ACE}.Debug|Any CPU.ActiveCfg = Debug|Any CPU
		{90E912E0-FCDA-43DC-8452-7FF3FEC12ACE}.Debug|Any CPU.Build.0 = Debug|Any CPU
		{90E912E0-FCDA-43DC-8452-7FF3FEC12ACE}.Debug|Any CPU.Deploy.0 = Debug|Any CPU
		{90E912E0-FCDA-43DC-8452-7FF3FEC12ACE}.Debug|iPhone.ActiveCfg = Debug|Any CPU
		{90E912E0-FCDA-43DC-8452-7FF3FEC12ACE}.Debug|iPhone.Build.0 = Debug|Any CPU
		{90E912E0-FCDA-43DC-8452-7FF3FEC12ACE}.Debug|iPhone.Deploy.0 = Debug|Any CPU
		{90E912E0-FCDA-43DC-8452-7FF3FEC12ACE}.Debug|iPhoneSimulator.ActiveCfg = Debug|Any CPU
		{90E912E0-FCDA-43DC-8452-7FF3FEC12ACE}.Debug|iPhoneSimulator.Build.0 = Debug|Any CPU
		{90E912E0-FCDA-43DC-8452-7FF3FEC12ACE}.Debug|iPhoneSimulator.Deploy.0 = Debug|Any CPU
		{90E912E0-FCDA-43DC-8452-7FF3FEC12ACE}.Release|Any CPU.ActiveCfg = Release|Any CPU
		{90E912E0-FCDA-43DC-8452-7FF3FEC12ACE}.Release|Any CPU.Build.0 = Release|Any CPU
		{90E912E0-FCDA-43DC-8452-7FF3FEC12ACE}.Release|Any CPU.Deploy.0 = Release|Any CPU
		{90E912E0-FCDA-43DC-8452-7FF3FEC12ACE}.Release|iPhone.ActiveCfg = Release|Any CPU
		{90E912E0-FCDA-43DC-8452-7FF3FEC12ACE}.Release|iPhone.Build.0 = Release|Any CPU
		{90E912E0-FCDA-43DC-8452-7FF3FEC12ACE}.Release|iPhone.Deploy.0 = Release|Any CPU
		{90E912E0-FCDA-43DC-8452-7FF3FEC12ACE}.Release|iPhoneSimulator.ActiveCfg = Release|Any CPU
		{90E912E0-FCDA-43DC-8452-7FF3FEC12ACE}.Release|iPhoneSimulator.Build.0 = Release|Any CPU
		{90E912E0-FCDA-43DC-8452-7FF3FEC12ACE}.Release|iPhoneSimulator.Deploy.0 = Release|Any CPU
	EndGlobalSection
	GlobalSection(SolutionProperties) = preSolution
		HideSolutionNode = FALSE
	EndGlobalSection
	GlobalSection(ExtensibilityGlobals) = postSolution
		SolutionGuid = {05BB0419-1736-42ED-9887-1411A989A490}
	EndGlobalSection
EndGlobal
